# This file is @generated by PDM.
# It is not intended for manual editing.

[metadata]
groups = ["default"]
strategy = ["inherit_metadata"]
lock_version = "4.5.0"
content_hash = "sha256:70274d29a3db69af8cf56b9b628b79430bcd7541a47c50c69c5bb4f48cff5a34"

[[metadata.targets]]
requires_python = "~=3.11"

[[package]]
name = "h2"
version = "4.4.1"
requires_python = ">=3.10"
summary = "Pure-Python HTTP/2 protocol implementation"
groups = ["default"]
dependencies = [
    "hpack<5,>=4.2",
    "hyperframe<7,>=6.1",
]
files = [
    {file = "h2-4.4.1-py3-none-any.whl", hash = "sha256:0e25f1462b23c9cb82d9eb02e28bc706dac2a68cb457c6a0d74d63c8a2a5d0e6"},
    {file = "h2-4.4.1.tar.gz", hash = "sha256:4e866ffb1a869ae14dd9b5e6beb5c24a13da0495ad72b65925ded182521c1516"},
]

[[package]]
name = "hpack"
version = "4.2.0"
requires_python = ">=3.10"
summary = "Pure-Python HPACK header encoding"
groups = ["default"]
files = [
    {file = "hpack-4.2.0-py3-none-any.whl", hash = "sha256:858ac0b02280fa582b5080d68db0899c62a80375e0e5413a74970c5e518b6986"},
    {file = "hpack-4.2.0.tar.gz", hash = "sha256:0895cfa3b5531fc65fe439c05eb65144f123bf7a394fcaa56aa423548d8e45c0"},
]

[[package]]
name = "hyperframe"
version = "6.1.0"
requires_python = ">=3.9"
summary = "Pure-Python HTTP/2 framing"
groups = ["default"]
files = [
    {file = "hyperframe-6.1.0-py3-none-any.whl", hash = "sha256:b03380493a519fce58ea5af42e4a42317bf9bd425596f7a0835ffce80f1a42e5"},
    {file = "hyperframe-6.1.0.tar.gz", hash = "sha256:f630908a00854a7adeabd6382b43923a4c4cd4b821fcb527e6ab9e15382a3b08"},
]
